// !$*UTF8*$!
{
	archiveVersion = 1;
	classes = {
	};
	objectVersion = 46;
	objects = {

/* Begin PBXBuildFile section */
		9C20B4321A2AFECC0068EC0B /* SCTreeMenu.framework in Frameworks */ = {isa = PBXBuildFile; fileRef = 9C20B4311A2AFECC0068EC0B /* SCTreeMenu.framework */; };
		9C3744CE1A2A9A6900149CAC /* ColorPalate.swift in Sources */ = {isa = PBXBuildFile; fileRef = 9C3744CD1A2A9A6900149CAC /* ColorPalate.swift */; };
		9C3744D41A2A9CFC00149CAC /* Demo_SCTreeMenuViewController.swift in Sources */ = {isa = PBXBuildFile; fileRef = 9C3744D31A2A9CFC00149CAC /* Demo_SCTreeMenuViewController.swift */; };
		9C515CA71A2692A3003C0896 /* menu.json in Resources */ = {isa = PBXBuildFile; fileRef = 9C515CA61A2692A3003C0896 /* menu.json */; };
		9C6E7DF21A24CEB500FC074E /* AppDelegate.swift in Sources */ = {isa = PBXBuildFile; fileRef = 9C6E7DF11A24CEB500FC074E /* AppDelegate.swift */; };
		9C6E7DF41A24CEB500FC074E /* ViewController.swift in Sources */ = {isa = PBXBuildFile; fileRef = 9C6E7DF31A24CEB500FC074E /* ViewController.swift */; };
		9C6E7DF71A24CEB500FC074E /* Main.storyboard in Resources */ = {isa = PBXBuildFile; fileRef = 9C6E7DF51A24CEB500FC074E /* Main.storyboard */; };
		9C6E7DF91A24CEB500FC074E /* Images.xcassets in Resources */ = {isa = PBXBuildFile; fileRef = 9C6E7DF81A24CEB500FC074E /* Images.xcassets */; };
		9C6E7DFC1A24CEB500FC074E /* LaunchScreen.xib in Resources */ = {isa = PBXBuildFile; fileRef = 9C6E7DFA1A24CEB500FC074E /* LaunchScreen.xib */; };
		9C6E7E081A24CEB500FC074E /* DemoAppTests.swift in Sources */ = {isa = PBXBuildFile; fileRef = 9C6E7E071A24CEB500FC074E /* DemoAppTests.swift */; };
/* End PBXBuildFile section */

/* Begin PBXContainerItemProxy section */
		9C6E7E021A24CEB500FC074E /* PBXContainerItemProxy */ = {
			isa = PBXContainerItemProxy;
			containerPortal = 9C6E7DE41A24CEB500FC074E /* Project object */;
			proxyType = 1;
			remoteGlobalIDString = 9C6E7DEB1A24CEB500FC074E;
			remoteInfo = DemoApp;
		};
/* End PBXContainerItemProxy section */

/* Begin PBXCopyFilesBuildPhase section */
		9C20B4031A2AFAC20068EC0B /* CopyFiles */ = {
			isa = PBXCopyFilesBuildPhase;
			buildActionMask = 2147483647;
			dstPath = "";
			dstSubfolderSpec = 10;
			files = (
			);
			runOnlyForDeploymentPostprocessing = 0;
		};
/* End PBXCopyFilesBuildPhase section */

/* Begin PBXFileReference section */
		9C20B4311A2AFECC0068EC0B /* SCTreeMenu.framework */ = {isa = PBXFileReference; lastKnownFileType = wrapper.framework; name = SCTreeMenu.framework; path = "../../../Library/Developer/Xcode/DerivedData/Demo-cnpqioordfruzuhgnwspdrkzdjou/Build/Products/Debug-iphoneos/SCTreeMenu.framework"; sourceTree = "<group>"; };
		9C3744CD1A2A9A6900149CAC /* ColorPalate.swift */ = {isa = PBXFileReference; fileEncoding = 4; lastKnownFileType = sourcecode.swift; path = ColorPalate.swift; sourceTree = "<group>"; };
		9C3744D31A2A9CFC00149CAC /* Demo_SCTreeMenuViewController.swift */ = {isa = PBXFileReference; fileEncoding = 4; lastKnownFileType = sourcecode.swift; path = Demo_SCTreeMenuViewController.swift; sourceTree = "<group>"; };
		9C515CA61A2692A3003C0896 /* menu.json */ = {isa = PBXFileReference; fileEncoding = 4; lastKnownFileType = text.json; path = menu.json; sourceTree = "<group>"; };
		9C6E7DEC1A24CEB500FC074E /* DemoApp.app */ = {isa = PBXFileReference; explicitFileType = wrapper.application; includeInIndex = 0; path = DemoApp.app; sourceTree = BUILT_PRODUCTS_DIR; };
		9C6E7DF01A24CEB500FC074E /* Info.plist */ = {isa = PBXFileReference; lastKnownFileType = text.plist.xml; path = Info.plist; sourceTree = "<group>"; };
		9C6E7DF11A24CEB500FC074E /* AppDelegate.swift */ = {isa = PBXFileReference; lastKnownFileType = sourcecode.swift; path = AppDelegate.swift; sourceTree = "<group>"; };
		9C6E7DF31A24CEB500FC074E /* ViewController.swift */ = {isa = PBXFileReference; lastKnownFileType = sourcecode.swift; path = ViewController.swift; sourceTree = "<group>"; };
		9C6E7DF61A24CEB500FC074E /* Base */ = {isa = PBXFileReference; lastKnownFileType = file.storyboard; name = Base; path = Base.lproj/Main.storyboard; sourceTree = "<group>"; };
		9C6E7DF81A24CEB500FC074E /* Images.xcassets */ = {isa = PBXFileReference; lastKnownFileType = folder.assetcatalog; path = Images.xcassets; sourceTree = "<group>"; };
		9C6E7DFB1A24CEB500FC074E /* Base */ = {isa = PBXFileReference; lastKnownFileType = file.xib; name = Base; path = Base.lproj/LaunchScreen.xib; sourceTree = "<group>"; };
		9C6E7E011A24CEB500FC074E /* DemoAppTests.xctest */ = {isa = PBXFileReference; explicitFileType = wrapper.cfbundle; includeInIndex = 0; path = DemoAppTests.xctest; sourceTree = BUILT_PRODUCTS_DIR; };
		9C6E7E061A24CEB500FC074E /* Info.plist */ = {isa = PBXFileReference; lastKnownFileType = text.plist.xml; path = Info.plist; sourceTree = "<group>"; };
		9C6E7E071A24CEB500FC074E /* DemoAppTests.swift */ = {isa = PBXFileReference; lastKnownFileType = sourcecode.swift; path = DemoAppTests.swift; sourceTree = "<group>"; };
/* End PBXFileReference section */

/* Begin PBXFrameworksBuildPhase section */
		9C6E7DE91A24CEB500FC074E /* Frameworks */ = {
			isa = PBXFrameworksBuildPhase;
			buildActionMask = 2147483647;
			files = (
				9C20B4321A2AFECC0068EC0B /* SCTreeMenu.framework in Frameworks */,
			);
			runOnlyForDeploymentPostprocessing = 0;
		};
		9C6E7DFE1A24CEB500FC074E /* Frameworks */ = {
			isa = PBXFrameworksBuildPhase;
			buildActionMask = 2147483647;
			files = (
			);
			runOnlyForDeploymentPostprocessing = 0;
		};
/* End PBXFrameworksBuildPhase section */

/* Begin PBXGroup section */
		9C6E7DE31A24CEB500FC074E = {
			isa = PBXGroup;
			children = (
				9C20B4311A2AFECC0068EC0B /* SCTreeMenu.framework */,
				9C6E7DEE1A24CEB500FC074E /* DemoApp */,
				9C6E7E041A24CEB500FC074E /* DemoAppTests */,
				9C6E7DED1A24CEB500FC074E /* Products */,
			);
			sourceTree = "<group>";
		};
		9C6E7DED1A24CEB500FC074E /* Products */ = {
			isa = PBXGroup;
			children = (
				9C6E7DEC1A24CEB500FC074E /* DemoApp.app */,
				9C6E7E011A24CEB500FC074E /* DemoAppTests.xctest */,
			);
			name = Products;
			sourceTree = "<group>";
		};
		9C6E7DEE1A24CEB500FC074E /* DemoApp */ = {
			isa = PBXGroup;
			children = (
				9C3744D31A2A9CFC00149CAC /* Demo_SCTreeMenuViewController.swift */,
				9C6E7DF11A24CEB500FC074E /* AppDelegate.swift */,
				9C6E7DF31A24CEB500FC074E /* ViewController.swift */,
				9C6E7DF51A24CEB500FC074E /* Main.storyboard */,
				9C6E7DF81A24CEB500FC074E /* Images.xcassets */,
				9C6E7DFA1A24CEB500FC074E /* LaunchScreen.xib */,
				9C6E7DEF1A24CEB500FC074E /* Supporting Files */,
				9C515CA61A2692A3003C0896 /* menu.json */,
				9C3744CD1A2A9A6900149CAC /* ColorPalate.swift */,
			);
			path = DemoApp;
			sourceTree = "<group>";
		};
		9C6E7DEF1A24CEB500FC074E /* Supporting Files */ = {
			isa = PBXGroup;
			children = (
				9C6E7DF01A24CEB500FC074E /* Info.plist */,
			);
			name = "Supporting Files";
			sourceTree = "<group>";
		};
		9C6E7E041A24CEB500FC074E /* DemoAppTests */ = {
			isa = PBXGroup;
			children = (
				9C6E7E071A24CEB500FC074E /* DemoAppTests.swift */,
				9C6E7E051A24CEB500FC074E /* Supporting Files */,
			);
			path = DemoAppTests;
			sourceTree = "<group>";
		};
		9C6E7E051A24CEB500FC074E /* Supporting Files */ = {
			isa = PBXGroup;
			children = (
				9C6E7E061A24CEB500FC074E /* Info.plist */,
			);
			name = "Supporting Files";
			sourceTree = "<group>";
		};
/* End PBXGroup section */

/* Begin PBXNativeTarget section */
		9C6E7DEB1A24CEB500FC074E /* DemoApp */ = {
			isa = PBXNativeTarget;
			buildConfigurationList = 9C6E7E0B1A24CEB500FC074E /* Build configuration list for PBXNativeTarget "DemoApp" */;
			buildPhases = (
				9C6E7DE81A24CEB500FC074E /* Sources */,
				9C6E7DE91A24CEB500FC074E /* Frameworks */,
				9C6E7DEA1A24CEB500FC074E /* Resources */,
				9C20B4031A2AFAC20068EC0B /* CopyFiles */,
			);
			buildRules = (
			);
			dependencies = (
			);
			name = DemoApp;
			productName = DemoApp;
			productReference = 9C6E7DEC1A24CEB500FC074E /* DemoApp.app */;
			productType = "com.apple.product-type.application";
		};
		9C6E7E001A24CEB500FC074E /* DemoAppTests */ = {
			isa = PBXNativeTarget;
			buildConfigurationList = 9C6E7E0E1A24CEB500FC074E /* Build configuration list for PBXNativeTarget "DemoAppTests" */;
			buildPhases = (
				9C6E7DFD1A24CEB500FC074E /* Sources */,
				9C6E7DFE1A24CEB500FC074E /* Frameworks */,
				9C6E7DFF1A24CEB500FC074E /* Resources */,
			);
			buildRules = (
			);
			dependencies = (
				9C6E7E031A24CEB500FC074E /* PBXTargetDependency */,
			);
			name = DemoAppTests;
			productName = DemoAppTests;
			productReference = 9C6E7E011A24CEB500FC074E /* DemoAppTests.xctest */;
			productType = "com.apple.product-type.bundle.unit-test";
		};
/* End PBXNativeTarget section */

/* Begin PBXProject section */
		9C6E7DE41A24CEB500FC074E /* Project object */ = {
			isa = PBXProject;
			attributes = {
				LastUpgradeCheck = 0610;
				ORGANIZATIONNAME = "Shengzhe Chen";
				TargetAttributes = {
					9C6E7DEB1A24CEB500FC074E = {
						CreatedOnToolsVersion = 6.1;
					};
					9C6E7E001A24CEB500FC074E = {
						CreatedOnToolsVersion = 6.1;
						TestTargetID = 9C6E7DEB1A24CEB500FC074E;
					};
				};
			};
			buildConfigurationList = 9C6E7DE71A24CEB500FC074E /* Build configuration list for PBXProject "DemoApp" */;
			compatibilityVersion = "Xcode 3.2";
			developmentRegion = English;
			hasScannedForEncodings = 0;
			knownRegions = (
				en,
				Base,
			);
			mainGroup = 9C6E7DE31A24CEB500FC074E;
			productRefGroup = 9C6E7DED1A24CEB500FC074E /* Products */;
			projectDirPath = "";
			projectRoot = "";
			targets = (
				9C6E7DEB1A24CEB500FC074E /* DemoApp */,
				9C6E7E001A24CEB500FC074E /* DemoAppTests */,
			);
		};
/* End PBXProject section */

/* Begin PBXResourcesBuildPhase section */
		9C6E7DEA1A24CEB500FC074E /* Resources */ = {
			isa = PBXResourcesBuildPhase;
			buildActionMask = 2147483647;
			files = (
				9C6E7DF71A24CEB500FC074E /* Main.storyboard in Resources */,
				9C6E7DFC1A24CEB500FC074E /* LaunchScreen.xib in Resources */,
				9C515CA71A2692A3003C0896 /* menu.json in Resources */,
				9C6E7DF91A24CEB500FC074E /* Images.xcassets in Resources */,
			);
			runOnlyForDeploymentPostprocessing = 0;
		};
		9C6E7DFF1A24CEB500FC074E /* Resources */ = {
			isa = PBXResourcesBuildPhase;
			buildActionMask = 2147483647;
			files = (
			);
			runOnlyForDeploymentPostprocessing = 0;
		};
/* End PBXResourcesBuildPhase section */

/* Begin PBXSourcesBuildPhase section */
		9C6E7DE81A24CEB500FC074E /* Sources */ = {
			isa = PBXSourcesBuildPhase;
			buildActionMask = 2147483647;
			files = (
				9C6E7DF41A24CEB500FC074E /* ViewController.swift in Sources */,
				9C3744CE1A2A9A6900149CAC /* ColorPalate.swift in Sources */,
				9C3744D41A2A9CFC00149CAC /* Demo_SCTreeMenuViewController.swift in Sources */,
				9C6E7DF21A24CEB500FC074E /* AppDelegate.swift in Sources */,
			);
			runOnlyForDeploymentPostprocessing = 0;
		};
		9C6E7DFD1A24CEB500FC074E /* Sources */ = {
			isa = PBXSourcesBuildPhase;
			buildActionMask = 2147483647;
			files = (
				9C6E7E081A24CEB500FC074E /* DemoAppTests.swift in Sources */,
			);
			runOnlyForDeploymentPostprocessing = 0;
		};
/* End PBXSourcesBuildPhase section */

/* Begin PBXTargetDependency section */
		9C6E7E031A24CEB500FC074E /* PBXTargetDependency */ = {
			isa = PBXTargetDependency;
			target = 9C6E7DEB1A24CEB500FC074E /* DemoApp */;
			targetProxy = 9C6E7E021A24CEB500FC074E /* PBXContainerItemProxy */;
		};
/* End PBXTargetDependency section */

/* Begin PBXVariantGroup section */
		9C6E7DF51A24CEB500FC074E /* Main.storyboard */ = {
			isa = PBXVariantGroup;
			children = (
				9C6E7DF61A24CEB500FC074E /* Base */,
			);
			name = Main.storyboard;
			sourceTree = "<group>";
		};
		9C6E7DFA1A24CEB500FC074E /* LaunchScreen.xib */ = {
			isa = PBXVariantGroup;
			children = (
				9C6E7DFB1A24CEB500FC074E /* Base */,
			);
			name = LaunchScreen.xib;
			sourceTree = "<group>";
		};
/* End PBXVariantGroup section */

/* Begin XCBuildConfiguration section */
		9C6E7E091A24CEB500FC074E /* Debug */ = {
			isa = XCBuildConfiguration;
			buildSettings = {
				ALWAYS_SEARCH_USER_PATHS = NO;
				CLANG_CXX_LANGUAGE_STANDARD = "gnu++0x";
				CLANG_CXX_LIBRARY = "libc++";
				CLANG_ENABLE_MODULES = YES;
				CLANG_ENABLE_OBJC_ARC = YES;
				CLANG_WARN_BOOL_CONVERSION = YES;
				CLANG_WARN_CONSTANT_CONVERSION = YES;
				CLANG_WARN_DIRECT_OBJC_ISA_USAGE = YES_ERROR;
				CLANG_WARN_EMPTY_BODY = YES;
				CLANG_WARN_ENUM_CONVERSION = YES;
				CLANG_WARN_INT_CONVERSION = YES;
				CLANG_WARN_OBJC_ROOT_CLASS = YES_ERROR;
				CLANG_WARN_UNREACHABLE_CODE = YES;
				CLANG_WARN__DUPLICATE_METHOD_MATCH = YES;
				"CODE_SIGN_IDENTITY[sdk=iphoneos*]" = "iPhone Developer";
				COPY_PHASE_STRIP = NO;
				ENABLE_STRICT_OBJC_MSGSEND = YES;
				GCC_C_LANGUAGE_STANDARD = gnu99;
				GCC_DYNAMIC_NO_PIC = NO;
				GCC_OPTIMIZATION_LEVEL = 0;
				GCC_PREPROCESSOR_DEFINITIONS = (
					"DEBUG=1",
					"$(inherited)",
				);
				GCC_SYMBOLS_PRIVATE_EXTERN = NO;
				GCC_WARN_64_TO_32_BIT_CONVERSION = YES;
				GCC_WARN_ABOUT_RETURN_TYPE = YES_ERROR;
				GCC_WARN_UNDECLARED_SELECTOR = YES;
				GCC_WARN_UNINITIALIZED_AUTOS = YES_AGGRESSIVE;
				GCC_WARN_UNUSED_FUNCTION = YES;
				GCC_WARN_UNUSED_VARIABLE = YES;
				IPHONEOS_DEPLOYMENT_TARGET = 8.1;
				MTL_ENABLE_DEBUG_INFO = YES;
				ONLY_ACTIVE_ARCH = YES;
				SDKROOT = iphoneos;
				SWIFT_OPTIMIZATION_LEVEL = "-Onone";
				TARGETED_DEVICE_FAMILY = "1,2";
			};
			name = Debug;
		};
		9C6E7E0A1A24CEB500FC074E /* Release */ = {
			isa = XCBuildConfiguration;
			buildSettings = {
				ALWAYS_SEARCH_USER_PATHS = NO;
				CLANG_CXX_LANGUAGE_STANDARD = "gnu++0x";
				CLANG_CXX_LIBRARY = "libc++";
				CLANG_ENABLE_MODULES = YES;
				CLANG_ENABLE_OBJC_ARC = YES;
				CLANG_WARN_BOOL_CONVERSION = YES;
				CLANG_WARN_CONSTANT_CONVERSION = YES;
				CLANG_WARN_DIRECT_OBJC_ISA_USAGE = YES_ERROR;
				CLANG_WARN_EMPTY_BODY = YES;
				CLANG_WARN_ENUM_CONVERSION = YES;
				CLANG_WARN_INT_CONVERSION = YES;
				CLANG_WARN_OBJC_ROOT_CLASS = YES_ERROR;
				CLANG_WARN_UNREACHABLE_CODE = YES;
				CLANG_WARN__DUPLICATE_METHOD_MATCH = YES;
				"CODE_SIGN_IDENTITY[sdk=iphoneos*]" = "iPhone Developer";
				COPY_PHASE_STRIP = YES;
				ENABLE_NS_ASSERTIONS = NO;
				ENABLE_STRICT_OBJC_MSGSEND = YES;
				GCC_C_LANGUAGE_STANDARD = gnu99;
				GCC_WARN_64_TO_32_BIT_CONVERSION = YES;
				GCC_WARN_ABOUT_RETURN_TYPE = YES_ERROR;
				GCC_WARN_UNDECLARED_SELECTOR = YES;
				GCC_WARN_UNINITIALIZED_AUTOS = YES_AGGRESSIVE;
				GCC_WARN_UNUSED_FUNCTION = YES;
				GCC_WARN_UNUSED_VARIABLE = YES;
				IPHONEOS_DEPLOYMENT_TARGET = 8.1;
				MTL_ENABLE_DEBUG_INFO = NO;
				SDKROOT = iphoneos;
				TARGETED_DEVICE_FAMILY = "1,2";
				VALIDATE_PRODUCT = YES;
			};
			name = Release;
		};
		9C6E7E0C1A24CEB500FC074E /* Debug */ = {
			isa = XCBuildConfiguration;
			buildSettings = {
				ASSETCATALOG_COMPILER_APPICON_NAME = AppIcon;
				FRAMEWORK_SEARCH_PATHS = (
					"$(inherited)",
					"$(USER_LIBRARY_DIR)/Developer/Xcode/DerivedData/Demo-cnpqioordfruzuhgnwspdrkzdjou/Build/Products/Debug-iphoneos",
				);
				INFOPLIST_FILE = DemoApp/Info.plist;
				LD_RUNPATH_SEARCH_PATHS = "$(inherited) @executable_path/Frameworks";
				PRODUCT_NAME = "$(TARGET_NAME)";
			};
			name = Debug;
		};
		9C6E7E0D1A24CEB500FC074E /* Release */ = {
			isa = XCBuildConfiguration;
			buildSettings = {
				ASSETCATALOG_COMPILER_APPICON_NAME = AppIcon;
				FRAMEWORK_SEARCH_PATHS = (
					"$(inherited)",
					"$(USER_LIBRARY_DIR)/Developer/Xcode/DerivedData/Demo-cnpqioordfruzuhgnwspdrkzdjou/Build/Products/Debug-iphoneos",
				);
				INFOPLIST_FILE = DemoApp/Info.plist;
				LD_RUNPATH_SEARCH_PATHS = "$(inherited) @executable_path/Frameworks";
				PRODUCT_NAME = "$(TARGET_NAME)";
			};
			name = Release;
		};
		9C6E7E0F1A24CEB500FC074E /* Debug */ = {
			isa = XCBuildConfiguration;
			buildSettings = {
				BUNDLE_LOADER = "$(TEST_HOST)";
				FRAMEWORK_SEARCH_PATHS = (
					"$(SDKROOT)/Developer/Library/Frameworks",
					"$(inherited)",
				);
				GCC_PREPROCESSOR_DEFINITIONS = (
					"DEBUG=1",
					"$(inherited)",
				);
				INFOPLIST_FILE = DemoAppTests/Info.plist;
				LD_RUNPATH_SEARCH_PATHS = "$(inherited) @executable_path/Frameworks @loader_path/Frameworks";
				PRODUCT_NAME = "$(TARGET_NAME)";
				TEST_HOST = "$(BUILT_PRODUCTS_DIR)/DemoApp.app/DemoApp";
			};
			name = Debug;
		};
		9C6E7E101A24CEB500FC074E /* Release */ = {
			isa = XCBuildConfiguration;
			buildSettings = {
				BUNDLE_LOADER = "$(TEST_HOST)";
				FRAMEWORK_SEARCH_PATHS = (
					"$(SDKROOT)/Developer/Library/Frameworks",
					"$(inherited)",
				);
				INFOPLIST_FILE = DemoAppTests/Info.plist;
				LD_RUNPATH_SEARCH_PATHS = "$(inherited) @executable_path/Frameworks @loader_path/Frameworks";
				PRODUCT_NAME = "$(TARGET_NAME)";
				TEST_HOST = "$(BUILT_PRODUCTS_DIR)/DemoApp.app/DemoApp";
			};
			name = Release;
		};
/* End XCBuildConfiguration section */

/* Begin XCConfigurationList section */
		9C6E7DE71A24CEB500FC074E /* Build configuration list for PBXProject "DemoApp" */ = {
			isa = XCConfigurationList;
			buildConfigurations = (
				9C6E7E091A24CEB500FC074E /* Debug */,
				9C6E7E0A1A24CEB500FC074E /* Release */,
			);
			defaultConfigurationIsVisible = 0;
			defaultConfigurationName = Release;
		};
		9C6E7E0B1A24CEB500FC074E /* Build configuration list for PBXNativeTarget "DemoApp" */ = {
			isa = XCConfigurationList;
			buildConfigurations = (
				9C6E7E0C1A24CEB500FC074E /* Debug */,
				9C6E7E0D1A24CEB500FC074E /* Release */,
			);
			defaultConfigurationIsVisible = 0;
			defaultConfigurationName = Release;
		};
		9C6E7E0E1A24CEB500FC074E /* Build configuration list for PBXNativeTarget "DemoAppTests" */ = {
			isa = XCConfigurationList;
			buildConfigurations = (
				9C6E7E0F1A24CEB500FC074E /* Debug */,
				9C6E7E101A24CEB500FC074E /* Release */,
			);
			defaultConfigurationIsVisible = 0;
			defaultConfigurationName = Release;
		};
/* End XCConfigurationList section */
	};
	rootObject = 9C6E7DE41A24CEB500FC074E /* Project object */;
}
